
Microsoft Visual Studio Solution File, Format Version 12.00
# Visual Studio Version 17
VisualStudioVersion = 17.2.32505.173
MinimumVisualStudioVersion = 10.0.40219.1
Project("{8BC9CEB8-8B4A-11D0-8D11-00A0C91BC942}") = "bufconvolve~", "HISSTools_IR_Toolbox_VS_Projects\bufconvolve~.vcxproj", "{ED2AC925-B0DB-4934-81DF-0B0313998C01}"
EndProject
Project("{8BC9CEB8-8B4A-11D0-8D11-00A0C91BC942}") = "iralign~", "HISSTools_IR_Toolbox_VS_Projects\iralign~.vcxproj", "{2A4F339F-7B90-4B36-B7B2-B3F2AD7D5BF8}"
EndProject
Project("{8BC9CEB8-8B4A-11D0-8D11-00A0C91BC942}") = "iraverage~", "HISSTools_IR_Toolbox_VS_Projects\iraverage~.vcxproj", "{049A26B1-D24E-4527-AC98-399150FB6530}"
EndProject
Project("{8BC9CEB8-8B4A-11D0-8D11-00A0C91BC942}") = "irinvert~", "HISSTools_IR_Toolbox_VS_Projects\irinvert~.vcxproj", "{EBAB06BD-0778-4E0A-AB54-FB293C5C0985}"
EndProject
Project("{8BC9CEB8-8B4A-11D0-8D11-00A0C91BC942}") = "spectrumdraw2~", "HISSTools_IR_Toolbox_VS_Projects\spectrumdraw~.vcxproj", "{D9455555-0708-49ED-B0BC-5784FB117F15}"
EndProject
Project("{8BC9CEB8-8B4A-11D0-8D11-00A0C91BC942}") = "irphase~", "HISSTools_IR_Toolbox_VS_Projects\irphase~.vcxproj", "{54FE433B-7AFA-4AEC-957A-9107777818A6}"
EndProject
Project("{8BC9CEB8-8B4A-11D0-8D11-00A0C91BC942}") = "iruser~", "HISSTools_IR_Toolbox_VS_Projects\iruser~.vcxproj", "{67729D70-8176-4A7B-A37D-2AA13631A2DD}"
EndProject
Project("{8BC9CEB8-8B4A-11D0-8D11-00A0C91BC942}") = "irstats~", "HISSTools_IR_Toolbox_VS_Projects\irstats~.vcxproj", "{3F3DB0D6-16E4-47FF-A6B6-1D8D8DD9DA72}"
EndProject
Project("{8BC9CEB8-8B4A-11D0-8D11-00A0C91BC942}") = "irnonlin~", "HISSTools_IR_Toolbox_VS_Projects\irnonlin~.vcxproj", "{52DA23BE-0B39-4270-BD9C-92FD4D2090EE}"
EndProject
Project("{8BC9CEB8-8B4A-11D0-8D11-00A0C91BC942}") = "irsweeps~", "HISSTools_IR_Toolbox_VS_Projects\irsweeps~.vcxproj", "{836D4BA4-0F43-411B-A871-CD3BECA446E7}"
EndProject
Project("{8BC9CEB8-8B4A-11D0-8D11-00A0C91BC942}") = "multiconvolve~", "HISSTools_IR_Toolbox_VS_Projects\multiconvolve~.vcxproj", "{5CC9CD91-3E53-436F-AF3A-DDC06137D014}"
EndProject
Project("{8BC9CEB8-8B4A-11D0-8D11-00A0C91BC942}") = "irtrimnorm~", "HISSTools_IR_Toolbox_VS_Projects\irtrimnorm~.vcxproj", "{2959B790-2A12-474E-B4C1-93F6BC29286C}"
EndProject
Project("{8BC9CEB8-8B4A-11D0-8D11-00A0C91BC942}") = "irmeasure~", "HISSTools_IR_Toolbox_VS_Projects\irmeasure~.vcxproj", "{3E312F0E-6337-4269-9D78-FE70A4F365A7}"
EndProject
Project("{8BC9CEB8-8B4A-11D0-8D11-00A0C91BC942}") = "irextract~", "HISSTools_IR_Toolbox_VS_Projects\irextract~.vcxproj", "{E33D8481-0FE4-4444-8D5F-DB3CFEA999F6}"
EndProject
Project("{8BC9CEB8-8B4A-11D0-8D11-00A0C91BC942}") = "irplapprox~", "HISSTools_IR_Toolbox_VS_Projects\irplapprox~.vcxproj", "{380D887D-FBAB-40C8-8D29-4F6C0906B765}"
EndProject
Project("{8BC9CEB8-8B4A-11D0-8D11-00A0C91BC942}") = "irreference~", "HISSTools_IR_Toolbox_VS_Projects\irreference~.vcxproj", "{B46E39FB-04DC-447B-9281-0AAAA1039FB0}"
EndProject
Project("{8BC9CEB8-8B4A-11D0-8D11-00A0C91BC942}") = "irtransaural~", "HISSTools_IR_Toolbox_VS_Projects\irtransaural~.vcxproj", "{71C0A94B-3AD3-407C-ABA0-D11BA2C5AC0F}"
EndProject
Project("{8BC9CEB8-8B4A-11D0-8D11-00A0C91BC942}") = "irvalue~", "HISSTools_IR_Toolbox_VS_Projects\irvalue~.vcxproj", "{4495B939-630A-40C1-8C93-970E970FA0D5}"
EndProject
Project("{8BC9CEB8-8B4A-11D0-8D11-00A0C91BC942}") = "bufresample~", "HISSTools_IR_Toolbox_VS_Projects\bufresample~.vcxproj", "{DBF44EDA-64FE-44F3-81B0-0416201125D1}"
EndProject
Project("{8BC9CEB8-8B4A-11D0-8D11-00A0C91BC942}") = "bufreverse~", "HISSTools_IR_Toolbox_VS_Projects\bufreverse~.vcxproj", "{57FA9D87-231F-4C68-B27A-6081BA2E1CC6}"
EndProject
Project("{8BC9CEB8-8B4A-11D0-8D11-00A0C91BC942}") = "morphfilter~", "HISSTools_IR_Toolbox_VS_Projects\morphfilter~.vcxproj", "{FB31B5AF-AF9C-44AC-99CB-77C8E064DA1B}"
EndProject
Project("{2150E333-8FDC-42A3-9474-1A3956D46DE8}") = "Solution Items", "Solution Items", "{99946EC6-A0CD-4B62-B427-5F9F46200C04}"
	ProjectSection(SolutionItems) = preProject
		..\..\..\Downloads\max-sdk-8.2-release\max-sdk\source\max-sdk-base\c74support\c74_jitter.h = ..\..\..\Downloads\max-sdk-8.2-release\max-sdk\source\max-sdk-base\c74support\c74_jitter.h
		..\..\..\Downloads\max-sdk-8.2-release\max-sdk\source\max-sdk-base\c74support\c74_max.h = ..\..\..\Downloads\max-sdk-8.2-release\max-sdk\source\max-sdk-base\c74support\c74_max.h
		..\..\..\Downloads\max-sdk-8.2-release\max-sdk\source\max-sdk-base\c74support\c74_msp.h = ..\..\..\Downloads\max-sdk-8.2-release\max-sdk\source\max-sdk-base\c74support\c74_msp.h
		..\..\..\Downloads\max-sdk-8.2-release\max-sdk\source\max-sdk-base\c74support\c74_ui.h = ..\..\..\Downloads\max-sdk-8.2-release\max-sdk\source\max-sdk-base\c74support\c74_ui.h
		..\..\..\Downloads\max-sdk-8.2-release\max-sdk\source\max-sdk-base\c74support\c74_ui_graphics.h = ..\..\..\Downloads\max-sdk-8.2-release\max-sdk\source\max-sdk-base\c74support\c74_ui_graphics.h
		..\..\..\Downloads\max-sdk-8.2-release\max-sdk\source\max-sdk-base\c74support\max-includes\commonsyms.h = ..\..\..\Downloads\max-sdk-8.2-release\max-sdk\source\max-sdk-base\c74support\max-includes\commonsyms.h
		..\..\..\Downloads\max-sdk-8.2-release\max-sdk\source\max-sdk-base\c74support\max-includes\ext.h = ..\..\..\Downloads\max-sdk-8.2-release\max-sdk\source\max-sdk-base\c74support\max-includes\ext.h
		..\..\..\Downloads\max-sdk-8.2-release\max-sdk\source\max-sdk-base\c74support\max-includes\ext_anim.h = ..\..\..\Downloads\max-sdk-8.2-release\max-sdk\source\max-sdk-base\c74support\max-includes\ext_anim.h
		..\..\..\Downloads\max-sdk-8.2-release\max-sdk\source\max-sdk-base\c74support\max-includes\ext_assist.h = ..\..\..\Downloads\max-sdk-8.2-release\max-sdk\source\max-sdk-base\c74support\max-includes\ext_assist.h
		..\..\..\Downloads\max-sdk-8.2-release\max-sdk\source\max-sdk-base\c74support\max-includes\ext_atomarray.h = ..\..\..\Downloads\max-sdk-8.2-release\max-sdk\source\max-sdk-base\c74support\max-includes\ext_atomarray.h
		..\..\..\Downloads\max-sdk-8.2-release\max-sdk\source\max-sdk-base\c74support\max-includes\ext_atombuf.h = ..\..\..\Downloads\max-sdk-8.2-release\max-sdk\source\max-sdk-base\c74support\max-includes\ext_atombuf.h
		..\..\..\Downloads\max-sdk-8.2-release\max-sdk\source\max-sdk-base\c74support\max-includes\ext_atomic.h = ..\..\..\Downloads\max-sdk-8.2-release\max-sdk\source\max-sdk-base\c74support\max-includes\ext_atomic.h
		..\..\..\Downloads\max-sdk-8.2-release\max-sdk\source\max-sdk-base\c74support\max-includes\ext_backgroundtask.h = ..\..\..\Downloads\max-sdk-8.2-release\max-sdk\source\max-sdk-base\c74support\max-includes\ext_backgroundtask.h
		..\..\..\Downloads\max-sdk-8.2-release\max-sdk\source\max-sdk-base\c74support\max-includes\ext_boxstyle.h = ..\..\..\Downloads\max-sdk-8.2-release\max-sdk\source\max-sdk-base\c74support\max-includes\ext_boxstyle.h
		..\..\..\Downloads\max-sdk-8.2-release\max-sdk\source\max-sdk-base\c74support\max-includes\ext_byteorder.h = ..\..\..\Downloads\max-sdk-8.2-release\max-sdk\source\max-sdk-base\c74support\max-includes\ext_byteorder.h
		..\..\..\Downloads\max-sdk-8.2-release\max-sdk\source\max-sdk-base\c74support\max-includes\ext_charset.h = ..\..\..\Downloads\max-sdk-8.2-release\max-sdk\source\max-sdk-base\c74support\max-includes\ext_charset.h
		..\..\..\Downloads\max-sdk-8.2-release\max-sdk\source\max-sdk-base\c74support\max-includes\ext_colors.h = ..\..\..\Downloads\max-sdk-8.2-release\max-sdk\source\max-sdk-base\c74support\max-includes\ext_colors.h
		..\..\..\Downloads\max-sdk-8.2-release\max-sdk\source\max-sdk-base\c74support\max-includes\ext_common.h = ..\..\..\Downloads\max-sdk-8.2-release\max-sdk\source\max-sdk-base\c74support\max-includes\ext_common.h
		..\..\..\Downloads\max-sdk-8.2-release\max-sdk\source\max-sdk-base\c74support\max-includes\ext_critical.h = ..\..\..\Downloads\max-sdk-8.2-release\max-sdk\source\max-sdk-base\c74support\max-includes\ext_critical.h
		..\..\..\Downloads\max-sdk-8.2-release\max-sdk\source\max-sdk-base\c74support\max-includes\ext_database.h = ..\..\..\Downloads\max-sdk-8.2-release\max-sdk\source\max-sdk-base\c74support\max-includes\ext_database.h
		..\..\..\Downloads\max-sdk-8.2-release\max-sdk\source\max-sdk-base\c74support\max-includes\ext_default.h = ..\..\..\Downloads\max-sdk-8.2-release\max-sdk\source\max-sdk-base\c74support\max-includes\ext_default.h
		..\..\..\Downloads\max-sdk-8.2-release\max-sdk\source\max-sdk-base\c74support\max-includes\ext_dictionary.h = ..\..\..\Downloads\max-sdk-8.2-release\max-sdk\source\max-sdk-base\c74support\max-includes\ext_dictionary.h
		..\..\..\Downloads\max-sdk-8.2-release\max-sdk\source\max-sdk-base\c74support\max-includes\ext_dictobj.h = ..\..\..\Downloads\max-sdk-8.2-release\max-sdk\source\max-sdk-base\c74support\max-includes\ext_dictobj.h
		..\..\..\Downloads\max-sdk-8.2-release\max-sdk\source\max-sdk-base\c74support\max-includes\ext_drag.h = ..\..\..\Downloads\max-sdk-8.2-release\max-sdk\source\max-sdk-base\c74support\max-includes\ext_drag.h
		..\..\..\Downloads\max-sdk-8.2-release\max-sdk\source\max-sdk-base\c74support\max-includes\ext_dynamiccolor.h = ..\..\..\Downloads\max-sdk-8.2-release\max-sdk\source\max-sdk-base\c74support\max-includes\ext_dynamiccolor.h
		..\..\..\Downloads\max-sdk-8.2-release\max-sdk\source\max-sdk-base\c74support\max-includes\ext_event.h = ..\..\..\Downloads\max-sdk-8.2-release\max-sdk\source\max-sdk-base\c74support\max-includes\ext_event.h
		..\..\..\Downloads\max-sdk-8.2-release\max-sdk\source\max-sdk-base\c74support\max-includes\ext_expr.h = ..\..\..\Downloads\max-sdk-8.2-release\max-sdk\source\max-sdk-base\c74support\max-includes\ext_expr.h
		..\..\..\Downloads\max-sdk-8.2-release\max-sdk\source\max-sdk-base\c74support\max-includes\ext_fun.h = ..\..\..\Downloads\max-sdk-8.2-release\max-sdk\source\max-sdk-base\c74support\max-includes\ext_fun.h
		..\..\..\Downloads\max-sdk-8.2-release\max-sdk\source\max-sdk-base\c74support\max-includes\ext_globalsymbol.h = ..\..\..\Downloads\max-sdk-8.2-release\max-sdk\source\max-sdk-base\c74support\max-includes\ext_globalsymbol.h
		..\..\..\Downloads\max-sdk-8.2-release\max-sdk\source\max-sdk-base\c74support\max-includes\ext_hashtab.h = ..\..\..\Downloads\max-sdk-8.2-release\max-sdk\source\max-sdk-base\c74support\max-includes\ext_hashtab.h
		..\..\..\Downloads\max-sdk-8.2-release\max-sdk\source\max-sdk-base\c74support\max-includes\ext_infer_system.h = ..\..\..\Downloads\max-sdk-8.2-release\max-sdk\source\max-sdk-base\c74support\max-includes\ext_infer_system.h
		..\..\..\Downloads\max-sdk-8.2-release\max-sdk\source\max-sdk-base\c74support\max-includes\ext_itm.h = ..\..\..\Downloads\max-sdk-8.2-release\max-sdk\source\max-sdk-base\c74support\max-includes\ext_itm.h
		..\..\..\Downloads\max-sdk-8.2-release\max-sdk\source\max-sdk-base\c74support\max-includes\ext_linklist.h = ..\..\..\Downloads\max-sdk-8.2-release\max-sdk\source\max-sdk-base\c74support\max-includes\ext_linklist.h
		..\..\..\Downloads\max-sdk-8.2-release\max-sdk\source\max-sdk-base\c74support\max-includes\ext_maxtypes.h = ..\..\..\Downloads\max-sdk-8.2-release\max-sdk\source\max-sdk-base\c74support\max-includes\ext_maxtypes.h
		..\..\..\Downloads\max-sdk-8.2-release\max-sdk\source\max-sdk-base\c74support\max-includes\ext_menu.h = ..\..\..\Downloads\max-sdk-8.2-release\max-sdk\source\max-sdk-base\c74support\max-includes\ext_menu.h
		..\..\..\Downloads\max-sdk-8.2-release\max-sdk\source\max-sdk-base\c74support\max-includes\ext_mess.h = ..\..\..\Downloads\max-sdk-8.2-release\max-sdk\source\max-sdk-base\c74support\max-includes\ext_mess.h
		..\..\..\Downloads\max-sdk-8.2-release\max-sdk\source\max-sdk-base\c74support\max-includes\ext_midi.h = ..\..\..\Downloads\max-sdk-8.2-release\max-sdk\source\max-sdk-base\c74support\max-includes\ext_midi.h
		..\..\..\Downloads\max-sdk-8.2-release\max-sdk\source\max-sdk-base\c74support\max-includes\ext_numc.h = ..\..\..\Downloads\max-sdk-8.2-release\max-sdk\source\max-sdk-base\c74support\max-includes\ext_numc.h
		..\..\..\Downloads\max-sdk-8.2-release\max-sdk\source\max-sdk-base\c74support\max-includes\ext_obex.h = ..\..\..\Downloads\max-sdk-8.2-release\max-sdk\source\max-sdk-base\c74support\max-includes\ext_obex.h
		..\..\..\Downloads\max-sdk-8.2-release\max-sdk\source\max-sdk-base\c74support\max-includes\ext_obex_util.h = ..\..\..\Downloads\max-sdk-8.2-release\max-sdk\source\max-sdk-base\c74support\max-includes\ext_obex_util.h
		..\..\..\Downloads\max-sdk-8.2-release\max-sdk\source\max-sdk-base\c74support\max-includes\ext_obstring.h = ..\..\..\Downloads\max-sdk-8.2-release\max-sdk\source\max-sdk-base\c74support\max-includes\ext_obstring.h
		..\..\..\Downloads\max-sdk-8.2-release\max-sdk\source\max-sdk-base\c74support\max-includes\ext_oms.h = ..\..\..\Downloads\max-sdk-8.2-release\max-sdk\source\max-sdk-base\c74support\max-includes\ext_oms.h
		..\..\..\Downloads\max-sdk-8.2-release\max-sdk\source\max-sdk-base\c74support\max-includes\ext_packages.h = ..\..\..\Downloads\max-sdk-8.2-release\max-sdk\source\max-sdk-base\c74support\max-includes\ext_packages.h
		..\..\..\Downloads\max-sdk-8.2-release\max-sdk\source\max-sdk-base\c74support\max-includes\ext_parameter.h = ..\..\..\Downloads\max-sdk-8.2-release\max-sdk\source\max-sdk-base\c74support\max-includes\ext_parameter.h
		..\..\..\Downloads\max-sdk-8.2-release\max-sdk\source\max-sdk-base\c74support\max-includes\ext_path.h = ..\..\..\Downloads\max-sdk-8.2-release\max-sdk\source\max-sdk-base\c74support\max-includes\ext_path.h
		..\..\..\Downloads\max-sdk-8.2-release\max-sdk\source\max-sdk-base\c74support\max-includes\ext_post.h = ..\..\..\Downloads\max-sdk-8.2-release\max-sdk\source\max-sdk-base\c74support\max-includes\ext_post.h
		..\..\..\Downloads\max-sdk-8.2-release\max-sdk\source\max-sdk-base\c74support\max-includes\ext_preferences.h = ..\..\..\Downloads\max-sdk-8.2-release\max-sdk\source\max-sdk-base\c74support\max-includes\ext_preferences.h
		..\..\..\Downloads\max-sdk-8.2-release\max-sdk\source\max-sdk-base\c74support\max-includes\ext_prefix.h = ..\..\..\Downloads\max-sdk-8.2-release\max-sdk\source\max-sdk-base\c74support\max-includes\ext_prefix.h
		..\..\..\Downloads\max-sdk-8.2-release\max-sdk\source\max-sdk-base\c74support\max-includes\ext_prefix_includes.h = ..\..\..\Downloads\max-sdk-8.2-release\max-sdk\source\max-sdk-base\c74support\max-includes\ext_prefix_includes.h
		..\..\..\Downloads\max-sdk-8.2-release\max-sdk\source\max-sdk-base\c74support\max-includes\ext_preprocessor.h = ..\..\..\Downloads\max-sdk-8.2-release\max-sdk\source\max-sdk-base\c74support\max-includes\ext_preprocessor.h
		..\..\..\Downloads\max-sdk-8.2-release\max-sdk\source\max-sdk-base\c74support\max-includes\ext_proto.h = ..\..\..\Downloads\max-sdk-8.2-release\max-sdk\source\max-sdk-base\c74support\max-includes\ext_proto.h
		..\..\..\Downloads\max-sdk-8.2-release\max-sdk\source\max-sdk-base\c74support\max-includes\ext_proto_win.h = ..\..\..\Downloads\max-sdk-8.2-release\max-sdk\source\max-sdk-base\c74support\max-includes\ext_proto_win.h
		..\..\..\Downloads\max-sdk-8.2-release\max-sdk\source\max-sdk-base\c74support\max-includes\ext_quickmap.h = ..\..\..\Downloads\max-sdk-8.2-release\max-sdk\source\max-sdk-base\c74support\max-includes\ext_quickmap.h
		..\..\..\Downloads\max-sdk-8.2-release\max-sdk\source\max-sdk-base\c74support\max-includes\ext_sndfile.h = ..\..\..\Downloads\max-sdk-8.2-release\max-sdk\source\max-sdk-base\c74support\max-includes\ext_sndfile.h
		..\..\..\Downloads\max-sdk-8.2-release\max-sdk\source\max-sdk-base\c74support\max-includes\ext_strings.h = ..\..\..\Downloads\max-sdk-8.2-release\max-sdk\source\max-sdk-base\c74support\max-includes\ext_strings.h
		..\..\..\Downloads\max-sdk-8.2-release\max-sdk\source\max-sdk-base\c74support\max-includes\ext_support.h = ..\..\..\Downloads\max-sdk-8.2-release\max-sdk\source\max-sdk-base\c74support\max-includes\ext_support.h
		..\..\..\Downloads\max-sdk-8.2-release\max-sdk\source\max-sdk-base\c74support\max-includes\ext_symobject.h = ..\..\..\Downloads\max-sdk-8.2-release\max-sdk\source\max-sdk-base\c74support\max-includes\ext_symobject.h
		..\..\..\Downloads\max-sdk-8.2-release\max-sdk\source\max-sdk-base\c74support\max-includes\ext_sysfile.h = ..\..\..\Downloads\max-sdk-8.2-release\max-sdk\source\max-sdk-base\c74support\max-includes\ext_sysfile.h
		..\..\..\Downloads\max-sdk-8.2-release\max-sdk\source\max-sdk-base\c74support\max-includes\ext_sysmem.h = ..\..\..\Downloads\max-sdk-8.2-release\max-sdk\source\max-sdk-base\c74support\max-includes\ext_sysmem.h
		..\..\..\Downloads\max-sdk-8.2-release\max-sdk\source\max-sdk-base\c74support\max-includes\ext_sysmidi.h = ..\..\..\Downloads\max-sdk-8.2-release\max-sdk\source\max-sdk-base\c74support\max-includes\ext_sysmidi.h
		..\..\..\Downloads\max-sdk-8.2-release\max-sdk\source\max-sdk-base\c74support\max-includes\ext_sysparallel.h = ..\..\..\Downloads\max-sdk-8.2-release\max-sdk\source\max-sdk-base\c74support\max-includes\ext_sysparallel.h
		..\..\..\Downloads\max-sdk-8.2-release\max-sdk\source\max-sdk-base\c74support\max-includes\ext_sysprocess.h = ..\..\..\Downloads\max-sdk-8.2-release\max-sdk\source\max-sdk-base\c74support\max-includes\ext_sysprocess.h
		..\..\..\Downloads\max-sdk-8.2-release\max-sdk\source\max-sdk-base\c74support\max-includes\ext_syssem.h = ..\..\..\Downloads\max-sdk-8.2-release\max-sdk\source\max-sdk-base\c74support\max-includes\ext_syssem.h
		..\..\..\Downloads\max-sdk-8.2-release\max-sdk\source\max-sdk-base\c74support\max-includes\ext_sysshmem.h = ..\..\..\Downloads\max-sdk-8.2-release\max-sdk\source\max-sdk-base\c74support\max-includes\ext_sysshmem.h
		..\..\..\Downloads\max-sdk-8.2-release\max-sdk\source\max-sdk-base\c74support\max-includes\ext_systhread.h = ..\..\..\Downloads\max-sdk-8.2-release\max-sdk\source\max-sdk-base\c74support\max-includes\ext_systhread.h
		..\..\..\Downloads\max-sdk-8.2-release\max-sdk\source\max-sdk-base\c74support\max-includes\ext_systime.h = ..\..\..\Downloads\max-sdk-8.2-release\max-sdk\source\max-sdk-base\c74support\max-includes\ext_systime.h
		..\..\..\Downloads\max-sdk-8.2-release\max-sdk\source\max-sdk-base\c74support\max-includes\ext_time.h = ..\..\..\Downloads\max-sdk-8.2-release\max-sdk\source\max-sdk-base\c74support\max-includes\ext_time.h
		..\..\..\Downloads\max-sdk-8.2-release\max-sdk\source\max-sdk-base\c74support\max-includes\ext_timeline.h = ..\..\..\Downloads\max-sdk-8.2-release\max-sdk\source\max-sdk-base\c74support\max-includes\ext_timeline.h
		..\..\..\Downloads\max-sdk-8.2-release\max-sdk\source\max-sdk-base\c74support\max-includes\ext_track.h = ..\..\..\Downloads\max-sdk-8.2-release\max-sdk\source\max-sdk-base\c74support\max-includes\ext_track.h
		..\..\..\Downloads\max-sdk-8.2-release\max-sdk\source\max-sdk-base\c74support\max-includes\ext_typelist.h = ..\..\..\Downloads\max-sdk-8.2-release\max-sdk\source\max-sdk-base\c74support\max-includes\ext_typelist.h
		..\..\..\Downloads\max-sdk-8.2-release\max-sdk\source\max-sdk-base\c74support\max-includes\ext_user.h = ..\..\..\Downloads\max-sdk-8.2-release\max-sdk\source\max-sdk-base\c74support\max-includes\ext_user.h
		..\..\..\Downloads\max-sdk-8.2-release\max-sdk\source\max-sdk-base\c74support\max-includes\ext_wind.h = ..\..\..\Downloads\max-sdk-8.2-release\max-sdk\source\max-sdk-base\c74support\max-includes\ext_wind.h
		..\..\..\Downloads\max-sdk-8.2-release\max-sdk\source\max-sdk-base\c74support\max-includes\ext_xmltree.h = ..\..\..\Downloads\max-sdk-8.2-release\max-sdk\source\max-sdk-base\c74support\max-includes\ext_xmltree.h
		..\..\..\Downloads\max-sdk-8.2-release\max-sdk\source\max-sdk-base\c74support\max-includes\indexmap.h = ..\..\..\Downloads\max-sdk-8.2-release\max-sdk\source\max-sdk-base\c74support\max-includes\indexmap.h
		..\..\..\Downloads\max-sdk-8.2-release\max-sdk\source\max-sdk-base\c74support\max-includes\jdataview.h = ..\..\..\Downloads\max-sdk-8.2-release\max-sdk\source\max-sdk-base\c74support\max-includes\jdataview.h
		..\..\..\Downloads\max-sdk-8.2-release\max-sdk\source\max-sdk-base\c74support\max-includes\jgraphics.h = ..\..\..\Downloads\max-sdk-8.2-release\max-sdk\source\max-sdk-base\c74support\max-includes\jgraphics.h
		..\..\..\Downloads\max-sdk-8.2-release\max-sdk\source\max-sdk-base\c74support\max-includes\jpatcher_api.h = ..\..\..\Downloads\max-sdk-8.2-release\max-sdk\source\max-sdk-base\c74support\max-includes\jpatcher_api.h
		..\..\..\Downloads\max-sdk-8.2-release\max-sdk\source\max-sdk-base\c74support\max-includes\jpatcher_syms.h = ..\..\..\Downloads\max-sdk-8.2-release\max-sdk\source\max-sdk-base\c74support\max-includes\jpatcher_syms.h
		..\..\..\Downloads\max-sdk-8.2-release\max-sdk\source\max-sdk-base\c74support\max-includes\jpatcher_utils.h = ..\..\..\Downloads\max-sdk-8.2-release\max-sdk\source\max-sdk-base\c74support\max-includes\jpatcher_utils.h
		..\..\..\Downloads\max-sdk-8.2-release\max-sdk\source\max-sdk-base\c74support\max-includes\macho-prefix.pch = ..\..\..\Downloads\max-sdk-8.2-release\max-sdk\source\max-sdk-base\c74support\max-includes\macho-prefix.pch
		..\..\..\Downloads\max-sdk-8.2-release\max-sdk\source\max-sdk-base\c74support\max-includes\max_keydefs.h = ..\..\..\Downloads\max-sdk-8.2-release\max-sdk\source\max-sdk-base\c74support\max-includes\max_keydefs.h
		..\..\..\Downloads\max-sdk-8.2-release\max-sdk\source\max-sdk-base\c74support\max-includes\max_types.h = ..\..\..\Downloads\max-sdk-8.2-release\max-sdk\source\max-sdk-base\c74support\max-includes\max_types.h
	EndProjectSection
EndProject
Project("{8BC9CEB8-8B4A-11D0-8D11-00A0C91BC942}") = "spectrumdraw2_old~", "spectrumdraw2~\spectrumdraw2~.vcxproj", "{E52986FB-ED22-4B35-A8D6-F9E65B77CC43}"
EndProject
Project("{8BC9CEB8-8B4A-11D0-8D11-00A0C91BC942}") = "iruser2~", "iruser2~\iruser2~.vcxproj", "{A4054B0C-FFBD-4928-A885-32708D76E0A9}"
EndProject
Global
	GlobalSection(SolutionConfigurationPlatforms) = preSolution
		Debug|x64 = Debug|x64
		Debug|x86 = Debug|x86
		Release|x64 = Release|x64
		Release|x86 = Release|x86
	EndGlobalSection
	GlobalSection(ProjectConfigurationPlatforms) = postSolution
		{ED2AC925-B0DB-4934-81DF-0B0313998C01}.Debug|x64.ActiveCfg = Debug|x64
		{ED2AC925-B0DB-4934-81DF-0B0313998C01}.Debug|x86.ActiveCfg = Debug|Win32
		{ED2AC925-B0DB-4934-81DF-0B0313998C01}.Debug|x86.Build.0 = Debug|Win32
		{ED2AC925-B0DB-4934-81DF-0B0313998C01}.Release|x64.ActiveCfg = Release|x64
		{ED2AC925-B0DB-4934-81DF-0B0313998C01}.Release|x64.Build.0 = Release|x64
		{ED2AC925-B0DB-4934-81DF-0B0313998C01}.Release|x86.ActiveCfg = Release|Win32
		{ED2AC925-B0DB-4934-81DF-0B0313998C01}.Release|x86.Build.0 = Release|Win32
		{2A4F339F-7B90-4B36-B7B2-B3F2AD7D5BF8}.Debug|x64.ActiveCfg = Debug|x64
		{2A4F339F-7B90-4B36-B7B2-B3F2AD7D5BF8}.Debug|x86.ActiveCfg = Debug|Win32
		{2A4F339F-7B90-4B36-B7B2-B3F2AD7D5BF8}.Debug|x86.Build.0 = Debug|Win32
		{2A4F339F-7B90-4B36-B7B2-B3F2AD7D5BF8}.Release|x64.ActiveCfg = Release|x64
		{2A4F339F-7B90-4B36-B7B2-B3F2AD7D5BF8}.Release|x64.Build.0 = Release|x64
		{2A4F339F-7B90-4B36-B7B2-B3F2AD7D5BF8}.Release|x86.ActiveCfg = Release|Win32
		{2A4F339F-7B90-4B36-B7B2-B3F2AD7D5BF8}.Release|x86.Build.0 = Release|Win32
		{049A26B1-D24E-4527-AC98-399150FB6530}.Debug|x64.ActiveCfg = Debug|x64
		{049A26B1-D24E-4527-AC98-399150FB6530}.Debug|x86.ActiveCfg = Debug|Win32
		{049A26B1-D24E-4527-AC98-399150FB6530}.Debug|x86.Build.0 = Debug|Win32
		{049A26B1-D24E-4527-AC98-399150FB6530}.Release|x64.ActiveCfg = Release|x64
		{049A26B1-D24E-4527-AC98-399150FB6530}.Release|x64.Build.0 = Release|x64
		{049A26B1-D24E-4527-AC98-399150FB6530}.Release|x86.ActiveCfg = Release|Win32
		{049A26B1-D24E-4527-AC98-399150FB6530}.Release|x86.Build.0 = Release|Win32
		{EBAB06BD-0778-4E0A-AB54-FB293C5C0985}.Debug|x64.ActiveCfg = Debug|x64
		{EBAB06BD-0778-4E0A-AB54-FB293C5C0985}.Debug|x86.ActiveCfg = Debug|Win32
		{EBAB06BD-0778-4E0A-AB54-FB293C5C0985}.Debug|x86.Build.0 = Debug|Win32
		{EBAB06BD-0778-4E0A-AB54-FB293C5C0985}.Release|x64.ActiveCfg = Release|x64
		{EBAB06BD-0778-4E0A-AB54-FB293C5C0985}.Release|x64.Build.0 = Release|x64
		{EBAB06BD-0778-4E0A-AB54-FB293C5C0985}.Release|x86.ActiveCfg = Release|Win32
		{EBAB06BD-0778-4E0A-AB54-FB293C5C0985}.Release|x86.Build.0 = Release|Win32
		{D9455555-0708-49ED-B0BC-5784FB117F15}.Debug|x64.ActiveCfg = Debug|x64
		{D9455555-0708-49ED-B0BC-5784FB117F15}.Debug|x64.Build.0 = Debug|x64
		{D9455555-0708-49ED-B0BC-5784FB117F15}.Debug|x86.ActiveCfg = Debug|Win32
		{D9455555-0708-49ED-B0BC-5784FB117F15}.Debug|x86.Build.0 = Debug|Win32
		{D9455555-0708-49ED-B0BC-5784FB117F15}.Release|x64.ActiveCfg = Release|x64
		{D9455555-0708-49ED-B0BC-5784FB117F15}.Release|x64.Build.0 = Release|x64
		{D9455555-0708-49ED-B0BC-5784FB117F15}.Release|x86.ActiveCfg = Release|Win32
		{D9455555-0708-49ED-B0BC-5784FB117F15}.Release|x86.Build.0 = Release|Win32
		{54FE433B-7AFA-4AEC-957A-9107777818A6}.Debug|x64.ActiveCfg = Debug|x64
		{54FE433B-7AFA-4AEC-957A-9107777818A6}.Debug|x86.ActiveCfg = Debug|Win32
		{54FE433B-7AFA-4AEC-957A-9107777818A6}.Debug|x86.Build.0 = Debug|Win32
		{54FE433B-7AFA-4AEC-957A-9107777818A6}.Release|x64.ActiveCfg = Release|x64
		{54FE433B-7AFA-4AEC-957A-9107777818A6}.Release|x64.Build.0 = Release|x64
		{54FE433B-7AFA-4AEC-957A-9107777818A6}.Release|x86.ActiveCfg = Release|Win32
		{54FE433B-7AFA-4AEC-957A-9107777818A6}.Release|x86.Build.0 = Release|Win32
		{67729D70-8176-4A7B-A37D-2AA13631A2DD}.Debug|x64.ActiveCfg = Debug|x64
		{67729D70-8176-4A7B-A37D-2AA13631A2DD}.Debug|x64.Build.0 = Debug|x64
		{67729D70-8176-4A7B-A37D-2AA13631A2DD}.Debug|x86.ActiveCfg = Debug|Win32
		{67729D70-8176-4A7B-A37D-2AA13631A2DD}.Debug|x86.Build.0 = Debug|Win32
		{67729D70-8176-4A7B-A37D-2AA13631A2DD}.Release|x64.ActiveCfg = Release|x64
		{67729D70-8176-4A7B-A37D-2AA13631A2DD}.Release|x64.Build.0 = Release|x64
		{67729D70-8176-4A7B-A37D-2AA13631A2DD}.Release|x86.ActiveCfg = Release|Win32
		{67729D70-8176-4A7B-A37D-2AA13631A2DD}.Release|x86.Build.0 = Release|Win32
		{3F3DB0D6-16E4-47FF-A6B6-1D8D8DD9DA72}.Debug|x64.ActiveCfg = Debug|x64
		{3F3DB0D6-16E4-47FF-A6B6-1D8D8DD9DA72}.Debug|x86.ActiveCfg = Debug|Win32
		{3F3DB0D6-16E4-47FF-A6B6-1D8D8DD9DA72}.Debug|x86.Build.0 = Debug|Win32
		{3F3DB0D6-16E4-47FF-A6B6-1D8D8DD9DA72}.Release|x64.ActiveCfg = Release|x64
		{3F3DB0D6-16E4-47FF-A6B6-1D8D8DD9DA72}.Release|x64.Build.0 = Release|x64
		{3F3DB0D6-16E4-47FF-A6B6-1D8D8DD9DA72}.Release|x86.ActiveCfg = Release|Win32
		{3F3DB0D6-16E4-47FF-A6B6-1D8D8DD9DA72}.Release|x86.Build.0 = Release|Win32
		{52DA23BE-0B39-4270-BD9C-92FD4D2090EE}.Debug|x64.ActiveCfg = Debug|x64
		{52DA23BE-0B39-4270-BD9C-92FD4D2090EE}.Debug|x86.ActiveCfg = Debug|Win32
		{52DA23BE-0B39-4270-BD9C-92FD4D2090EE}.Debug|x86.Build.0 = Debug|Win32
		{52DA23BE-0B39-4270-BD9C-92FD4D2090EE}.Release|x64.ActiveCfg = Release|x64
		{52DA23BE-0B39-4270-BD9C-92FD4D2090EE}.Release|x64.Build.0 = Release|x64
		{52DA23BE-0B39-4270-BD9C-92FD4D2090EE}.Release|x86.ActiveCfg = Release|Win32
		{52DA23BE-0B39-4270-BD9C-92FD4D2090EE}.Release|x86.Build.0 = Release|Win32
		{836D4BA4-0F43-411B-A871-CD3BECA446E7}.Debug|x64.ActiveCfg = Debug|x64
		{836D4BA4-0F43-411B-A871-CD3BECA446E7}.Debug|x86.ActiveCfg = Debug|Win32
		{836D4BA4-0F43-411B-A871-CD3BECA446E7}.Debug|x86.Build.0 = Debug|Win32
		{836D4BA4-0F43-411B-A871-CD3BECA446E7}.Release|x64.ActiveCfg = Release|x64
		{836D4BA4-0F43-411B-A871-CD3BECA446E7}.Release|x64.Build.0 = Release|x64
		{836D4BA4-0F43-411B-A871-CD3BECA446E7}.Release|x86.ActiveCfg = Release|Win32
		{836D4BA4-0F43-411B-A871-CD3BECA446E7}.Release|x86.Build.0 = Release|Win32
		{5CC9CD91-3E53-436F-AF3A-DDC06137D014}.Debug|x64.ActiveCfg = Debug|x64
		{5CC9CD91-3E53-436F-AF3A-DDC06137D014}.Debug|x86.ActiveCfg = Debug|Win32
		{5CC9CD91-3E53-436F-AF3A-DDC06137D014}.Debug|x86.Build.0 = Debug|Win32
		{5CC9CD91-3E53-436F-AF3A-DDC06137D014}.Release|x64.ActiveCfg = Release|x64
		{5CC9CD91-3E53-436F-AF3A-DDC06137D014}.Release|x64.Build.0 = Release|x64
		{5CC9CD91-3E53-436F-AF3A-DDC06137D014}.Release|x86.ActiveCfg = Release|Win32
		{5CC9CD91-3E53-436F-AF3A-DDC06137D014}.Release|x86.Build.0 = Release|Win32
		{2959B790-2A12-474E-B4C1-93F6BC29286C}.Debug|x64.ActiveCfg = Debug|x64
		{2959B790-2A12-474E-B4C1-93F6BC29286C}.Debug|x86.ActiveCfg = Debug|Win32
		{2959B790-2A12-474E-B4C1-93F6BC29286C}.Debug|x86.Build.0 = Debug|Win32
		{2959B790-2A12-474E-B4C1-93F6BC29286C}.Release|x64.ActiveCfg = Release|x64
		{2959B790-2A12-474E-B4C1-93F6BC29286C}.Release|x64.Build.0 = Release|x64
		{2959B790-2A12-474E-B4C1-93F6BC29286C}.Release|x86.ActiveCfg = Release|Win32
		{2959B790-2A12-474E-B4C1-93F6BC29286C}.Release|x86.Build.0 = Release|Win32
		{3E312F0E-6337-4269-9D78-FE70A4F365A7}.Debug|x64.ActiveCfg = Debug|x64
		{3E312F0E-6337-4269-9D78-FE70A4F365A7}.Debug|x86.ActiveCfg = Debug|Win32
		{3E312F0E-6337-4269-9D78-FE70A4F365A7}.Debug|x86.Build.0 = Debug|Win32
		{3E312F0E-6337-4269-9D78-FE70A4F365A7}.Release|x64.ActiveCfg = Release|x64
		{3E312F0E-6337-4269-9D78-FE70A4F365A7}.Release|x64.Build.0 = Release|x64
		{3E312F0E-6337-4269-9D78-FE70A4F365A7}.Release|x86.ActiveCfg = Release|Win32
		{3E312F0E-6337-4269-9D78-FE70A4F365A7}.Release|x86.Build.0 = Release|Win32
		{E33D8481-0FE4-4444-8D5F-DB3CFEA999F6}.Debug|x64.ActiveCfg = Debug|x64
		{E33D8481-0FE4-4444-8D5F-DB3CFEA999F6}.Debug|x86.ActiveCfg = Debug|Win32
		{E33D8481-0FE4-4444-8D5F-DB3CFEA999F6}.Debug|x86.Build.0 = Debug|Win32
		{E33D8481-0FE4-4444-8D5F-DB3CFEA999F6}.Release|x64.ActiveCfg = Release|x64
		{E33D8481-0FE4-4444-8D5F-DB3CFEA999F6}.Release|x64.Build.0 = Release|x64
		{E33D8481-0FE4-4444-8D5F-DB3CFEA999F6}.Release|x86.ActiveCfg = Release|Win32
		{E33D8481-0FE4-4444-8D5F-DB3CFEA999F6}.Release|x86.Build.0 = Release|Win32
		{380D887D-FBAB-40C8-8D29-4F6C0906B765}.Debug|x64.ActiveCfg = Debug|x64
		{380D887D-FBAB-40C8-8D29-4F6C0906B765}.Debug|x86.ActiveCfg = Debug|Win32
		{380D887D-FBAB-40C8-8D29-4F6C0906B765}.Debug|x86.Build.0 = Debug|Win32
		{380D887D-FBAB-40C8-8D29-4F6C0906B765}.Release|x64.ActiveCfg = Release|x64
		{380D887D-FBAB-40C8-8D29-4F6C0906B765}.Release|x64.Build.0 = Release|x64
		{380D887D-FBAB-40C8-8D29-4F6C0906B765}.Release|x86.ActiveCfg = Release|Win32
		{380D887D-FBAB-40C8-8D29-4F6C0906B765}.Release|x86.Build.0 = Release|Win32
		{B46E39FB-04DC-447B-9281-0AAAA1039FB0}.Debug|x64.ActiveCfg = Debug|x64
		{B46E39FB-04DC-447B-9281-0AAAA1039FB0}.Debug|x86.ActiveCfg = Debug|Win32
		{B46E39FB-04DC-447B-9281-0AAAA1039FB0}.Debug|x86.Build.0 = Debug|Win32
		{B46E39FB-04DC-447B-9281-0AAAA1039FB0}.Release|x64.ActiveCfg = Release|x64
		{B46E39FB-04DC-447B-9281-0AAAA1039FB0}.Release|x64.Build.0 = Release|x64
		{B46E39FB-04DC-447B-9281-0AAAA1039FB0}.Release|x86.ActiveCfg = Release|Win32
		{B46E39FB-04DC-447B-9281-0AAAA1039FB0}.Release|x86.Build.0 = Release|Win32
		{71C0A94B-3AD3-407C-ABA0-D11BA2C5AC0F}.Debug|x64.ActiveCfg = Debug|x64
		{71C0A94B-3AD3-407C-ABA0-D11BA2C5AC0F}.Debug|x86.ActiveCfg = Debug|Win32
		{71C0A94B-3AD3-407C-ABA0-D11BA2C5AC0F}.Debug|x86.Build.0 = Debug|Win32
		{71C0A94B-3AD3-407C-ABA0-D11BA2C5AC0F}.Release|x64.ActiveCfg = Release|x64
		{71C0A94B-3AD3-407C-ABA0-D11BA2C5AC0F}.Release|x64.Build.0 = Release|x64
		{71C0A94B-3AD3-407C-ABA0-D11BA2C5AC0F}.Release|x86.ActiveCfg = Release|Win32
		{71C0A94B-3AD3-407C-ABA0-D11BA2C5AC0F}.Release|x86.Build.0 = Release|Win32
		{4495B939-630A-40C1-8C93-970E970FA0D5}.Debug|x64.ActiveCfg = Debug|x64
		{4495B939-630A-40C1-8C93-970E970FA0D5}.Debug|x86.ActiveCfg = Debug|Win32
		{4495B939-630A-40C1-8C93-970E970FA0D5}.Debug|x86.Build.0 = Debug|Win32
		{4495B939-630A-40C1-8C93-970E970FA0D5}.Release|x64.ActiveCfg = Release|x64
		{4495B939-630A-40C1-8C93-970E970FA0D5}.Release|x64.Build.0 = Release|x64
		{4495B939-630A-40C1-8C93-970E970FA0D5}.Release|x86.ActiveCfg = Release|Win32
		{4495B939-630A-40C1-8C93-970E970FA0D5}.Release|x86.Build.0 = Release|Win32
		{DBF44EDA-64FE-44F3-81B0-0416201125D1}.Debug|x64.ActiveCfg = Debug|x64
		{DBF44EDA-64FE-44F3-81B0-0416201125D1}.Debug|x86.ActiveCfg = Debug|Win32
		{DBF44EDA-64FE-44F3-81B0-0416201125D1}.Debug|x86.Build.0 = Debug|Win32
		{DBF44EDA-64FE-44F3-81B0-0416201125D1}.Release|x64.ActiveCfg = Release|x64
		{DBF44EDA-64FE-44F3-81B0-0416201125D1}.Release|x64.Build.0 = Release|x64
		{DBF44EDA-64FE-44F3-81B0-0416201125D1}.Release|x86.ActiveCfg = Release|Win32
		{DBF44EDA-64FE-44F3-81B0-0416201125D1}.Release|x86.Build.0 = Release|Win32
		{57FA9D87-231F-4C68-B27A-6081BA2E1CC6}.Debug|x64.ActiveCfg = Debug|x64
		{57FA9D87-231F-4C68-B27A-6081BA2E1CC6}.Debug|x86.ActiveCfg = Debug|Win32
		{57FA9D87-231F-4C68-B27A-6081BA2E1CC6}.Debug|x86.Build.0 = Debug|Win32
		{57FA9D87-231F-4C68-B27A-6081BA2E1CC6}.Release|x64.ActiveCfg = Release|x64
		{57FA9D87-231F-4C68-B27A-6081BA2E1CC6}.Release|x64.Build.0 = Release|x64
		{57FA9D87-231F-4C68-B27A-6081BA2E1CC6}.Release|x86.ActiveCfg = Release|Win32
		{57FA9D87-231F-4C68-B27A-6081BA2E1CC6}.Release|x86.Build.0 = Release|Win32
		{FB31B5AF-AF9C-44AC-99CB-77C8E064DA1B}.Debug|x64.ActiveCfg = Debug|x64
		{FB31B5AF-AF9C-44AC-99CB-77C8E064DA1B}.Debug|x86.ActiveCfg = Debug|Win32
		{FB31B5AF-AF9C-44AC-99CB-77C8E064DA1B}.Debug|x86.Build.0 = Debug|Win32
		{FB31B5AF-AF9C-44AC-99CB-77C8E064DA1B}.Release|x64.ActiveCfg = Release|x64
		{FB31B5AF-AF9C-44AC-99CB-77C8E064DA1B}.Release|x64.Build.0 = Release|x64
		{FB31B5AF-AF9C-44AC-99CB-77C8E064DA1B}.Release|x86.ActiveCfg = Release|Win32
		{FB31B5AF-AF9C-44AC-99CB-77C8E064DA1B}.Release|x86.Build.0 = Release|Win32
		{E52986FB-ED22-4B35-A8D6-F9E65B77CC43}.Debug|x64.ActiveCfg = Debug|x64
		{E52986FB-ED22-4B35-A8D6-F9E65B77CC43}.Debug|x64.Build.0 = Debug|x64
		{E52986FB-ED22-4B35-A8D6-F9E65B77CC43}.Debug|x86.ActiveCfg = Debug|Win32
		{E52986FB-ED22-4B35-A8D6-F9E65B77CC43}.Debug|x86.Build.0 = Debug|Win32
		{E52986FB-ED22-4B35-A8D6-F9E65B77CC43}.Release|x64.ActiveCfg = Release|x64
		{E52986FB-ED22-4B35-A8D6-F9E65B77CC43}.Release|x64.Build.0 = Release|x64
		{E52986FB-ED22-4B35-A8D6-F9E65B77CC43}.Release|x86.ActiveCfg = Release|Win32
		{E52986FB-ED22-4B35-A8D6-F9E65B77CC43}.Release|x86.Build.0 = Release|Win32
		{A4054B0C-FFBD-4928-A885-32708D76E0A9}.Debug|x64.ActiveCfg = Debug|x64
		{A4054B0C-FFBD-4928-A885-32708D76E0A9}.Debug|x64.Build.0 = Debug|x64
		{A4054B0C-FFBD-4928-A885-32708D76E0A9}.Debug|x86.ActiveCfg = Debug|Win32
		{A4054B0C-FFBD-4928-A885-32708D76E0A9}.Debug|x86.Build.0 = Debug|Win32
		{A4054B0C-FFBD-4928-A885-32708D76E0A9}.Release|x64.ActiveCfg = Release|x64
		{A4054B0C-FFBD-4928-A885-32708D76E0A9}.Release|x64.Build.0 = Release|x64
		{A4054B0C-FFBD-4928-A885-32708D76E0A9}.Release|x86.ActiveCfg = Release|Win32
		{A4054B0C-FFBD-4928-A885-32708D76E0A9}.Release|x86.Build.0 = Release|Win32
	EndGlobalSection
	GlobalSection(SolutionProperties) = preSolution
		HideSolutionNode = FALSE
	EndGlobalSection
	GlobalSection(ExtensibilityGlobals) = postSolution
		SolutionGuid = {8343C778-38B1-4425-BB08-47E2351D5D0A}
	EndGlobalSection
EndGlobal
